
Microsoft Visual Studio Solution File, Format Version 12.00
# Visual Studio Version 17
VisualStudioVersion = 17.10.34928.147
MinimumVisualStudioVersion = 10.0.40219.1
Project("{FAE04EC0-301F-11D3-BF4B-00C04F79EFBC}") = "EjercicioInterfaces_AdelaGaray", "EjercicioInterfaces_AdelaGaray\EjercicioInterfaces_AdelaGaray.csproj", "{F74BE5D6-76A2-41F2-A904-1C4C954C6B5C}"
EndProject
Global
	GlobalSection(SolutionConfigurationPlatforms) = preSolution
		Debug|Any CPU = Debug|Any CPU
		Release|Any CPU = Release|Any CPU
	EndGlobalSection
	GlobalSection(ProjectConfigurationPlatforms) = postSolution
		{F74BE5D6-76A2-41F2-A904-1C4C954C6B5C}.Debug|Any CPU.ActiveCfg = Debug|Any CPU
		{F74BE5D6-76A2-41F2-A904-1C4C954C6B5C}.Debug|Any CPU.Build.0 = Debug|Any CPU
		{F74BE5D6-76A2-41F2-A904-1C4C954C6B5C}.Release|Any CPU.ActiveCfg = Release|Any CPU
		{F74BE5D6-76A2-41F2-A904-1C4C954C6B5C}.Release|Any CPU.Build.0 = Release|Any CPU
	EndGlobalSection
	GlobalSection(SolutionProperties) = preSolution
		HideSolutionNode = FALSE
	EndGlobalSection
	GlobalSection(ExtensibilityGlobals) = postSolution
		SolutionGuid = {61948C90-90DA-4716-84E9-118B7F5A860A}
	EndGlobalSection
EndGlobal
